PODS:
  - fair (0.0.1):
    - Flutter
  - fair_extension (0.0.1):
    - Flutter
  - Flutter (1.0.0)
  - fluttertoast (0.0.2):
    - Flutter
    - Toast
  - image_picker (0.0.1):
    - Flutter
  - permission_handler_apple (9.1.1):
    - Flutter
  - test_flutter_plugin (0.0.1):
    - Flutter
  - Toast (4.0.0)
  - url_launcher_ios (0.0.1):
    - Flutter

DEPENDENCIES:
  - fair (from `.symlinks/plugins/fair/ios`)
  - fair_extension (from `.symlinks/plugins/fair_extension/ios`)
  - Flutter (from `Flutter`)
  - fluttertoast (from `.symlinks/plugins/fluttertoast/ios`)
  - image_picker (from `.symlinks/plugins/image_picker/ios`)
  - permission_handler_apple (from `.symlinks/plugins/permission_handler_apple/ios`)
  - test_flutter_plugin (from `.symlinks/plugins/test_flutter_plugin/ios`)
  - url_launcher_ios (from `.symlinks/plugins/url_launcher_ios/ios`)

SPEC REPOS:
  trunk:
    - Toast

EXTERNAL SOURCES:
  fair:
    :path: ".symlinks/plugins/fair/ios"
  fair_extension:
    :path: ".symlinks/plugins/fair_extension/ios"
  Flutter:
    :path: Flutter
  fluttertoast:
    :path: ".symlinks/plugins/fluttertoast/ios"
  image_picker:
    :path: ".symlinks/plugins/image_picker/ios"
  permission_handler_apple:
    :path: ".symlinks/plugins/permission_handler_apple/ios"
  test_flutter_plugin:
    :path: ".symlinks/plugins/test_flutter_plugin/ios"
  url_launcher_ios:
    :path: ".symlinks/plugins/url_launcher_ios/ios"

SPEC CHECKSUMS:
  fair: a2ad8650ee4df9e6bcc51426213b3a3561dbacb8
  fair_extension: 1b24592778782256870e7bb7c4baa34254aac03c
  Flutter: f04841e97a9d0b0a8025694d0796dd46242b2854
  fluttertoast: fafc4fa4d01a6a9e4f772ecd190ffa525e9e2d9c
  image_picker: e06f7a68f000bd36f552c1847e33cda96ed31f1f
  permission_handler_apple: e76247795d700c14ea09e3a2d8855d41ee80a2e6
  test_flutter_plugin: 0f2cd1f71b874dc3b9f5397ceca675c44d04a148
  Toast: 91b396c56ee72a5790816f40d3a94dd357abc196
  url_launcher_ios: 08a3dfac5fb39e8759aeb0abbd5d9480f30fc8b4

PODFILE CHECKSUM: ef19549a9bc3046e7bb7d2fab4d021637c0c58a3

COCOAPODS: 1.11.3
